Microsoft Visual Studio Solution File, Format Version 12.00
# Visual Studio Version 17
VisualStudioVersion = 17.5.2.0
MinimumVisualStudioVersion = 10.0.40219.1
Project("{2150E333-8FDC-42A3-9474-1A3956D46DE8}") = "src", "src", "{827E0CD3-B72D-47B6-A68D-7590B98EB39B}"
EndProject
Project("{2150E333-8FDC-42A3-9474-1A3956D46DE8}") = "tests", "tests", "{0AB3BF05-4346-4AA6-1389-037BE0695223}"
EndProject
Project("{FAE04EC0-301F-11D3-BF4B-00C04F79EFBC}") = "SphereNet.Core", "src\SphereNet.Core\SphereNet.Core.csproj", "{BEACDDEF-1F42-E6B7-48BC-EDB1F8174BED}"
EndProject
Project("{FAE04EC0-301F-11D3-BF4B-00C04F79EFBC}") = "SphereNet.Game", "src\SphereNet.Game\SphereNet.Game.csproj", "{45FF4C81-D8C5-AA01-8CA7-F0CC21E48562}"
EndProject
Project("{FAE04EC0-301F-11D3-BF4B-00C04F79EFBC}") = "SphereNet.MapData", "src\SphereNet.MapData\SphereNet.MapData.csproj", "{B62F5584-703A-8AEC-92F9-7911D6FB6F84}"
EndProject
Project("{FAE04EC0-301F-11D3-BF4B-00C04F79EFBC}") = "SphereNet.Network", "src\SphereNet.Network\SphereNet.Network.csproj", "{6D4E2367-5D91-2103-4167-3878B34CDC1B}"
EndProject
Project("{FAE04EC0-301F-11D3-BF4B-00C04F79EFBC}") = "SphereNet.Persistence", "src\SphereNet.Persistence\SphereNet.Persistence.csproj", "{1E604391-6DBB-E27E-51CB-2A173B5C36B9}"
EndProject
Project("{FAE04EC0-301F-11D3-BF4B-00C04F79EFBC}") = "SphereNet.Scripting", "src\SphereNet.Scripting\SphereNet.Scripting.csproj", "{98B39550-A65C-7262-34E5-8A635C77F51A}"
EndProject
Project("{FAE04EC0-301F-11D3-BF4B-00C04F79EFBC}") = "SphereNet.Server", "src\SphereNet.Server\SphereNet.Server.csproj", "{80C54D79-3FAD-633C-F3FD-9000A0D750A5}"
EndProject
Project("{FAE04EC0-301F-11D3-BF4B-00C04F79EFBC}") = "SphereNet.Panel", "src\SphereNet.Panel\SphereNet.Panel.csproj", "{A1B2C3D4-E5F6-7890-ABCD-EF0123456789}"
EndProject
Project("{FAE04EC0-301F-11D3-BF4B-00C04F79EFBC}") = "SphereNet.Host", "src\SphereNet.Host\SphereNet.Host.csproj", "{C2D3E4F5-A6B7-8901-CDEF-012345678901}"
EndProject
Project("{FAE04EC0-301F-11D3-BF4B-00C04F79EFBC}") = "SphereNet.Tests", "src\SphereNet.Tests\SphereNet.Tests.csproj", "{A261535E-8031-E942-25EA-2CD6DB6F8997}"
EndProject
Project("{FAE04EC0-301F-11D3-BF4B-00C04F79EFBC}") = "SphereNet.Core.Tests", "tests\SphereNet.Core.Tests\SphereNet.Core.Tests.csproj", "{097E6D97-98EF-CF93-D0A3-4D5F638B3C91}"
EndProject
Project("{FAE04EC0-301F-11D3-BF4B-00C04F79EFBC}") = "SphereNet.Game.Tests", "tests\SphereNet.Game.Tests\SphereNet.Game.Tests.csproj", "{1500C2F9-C11A-BECF-9189-B5C6D78C1CFA}"
EndProject
Project("{FAE04EC0-301F-11D3-BF4B-00C04F79EFBC}") = "SphereNet.MapData.Tests", "tests\SphereNet.MapData.Tests\SphereNet.MapData.Tests.csproj", "{631DCF2A-DF0B-D5BF-81F4-E2FD1DA5F5DA}"
EndProject
Project("{FAE04EC0-301F-11D3-BF4B-00C04F79EFBC}") = "SphereNet.Network.Tests", "tests\SphereNet.Network.Tests\SphereNet.Network.Tests.csproj", "{DA665205-901C-C6CE-C1AD-9D3B8A0692A1}"
EndProject
Project("{FAE04EC0-301F-11D3-BF4B-00C04F79EFBC}") = "SphereNet.Persistence.Tests", "tests\SphereNet.Persistence.Tests\SphereNet.Persistence.Tests.csproj", "{1EAEBBC4-A70D-9DA5-05A8-7B4A046B748E}"
EndProject
Project("{FAE04EC0-301F-11D3-BF4B-00C04F79EFBC}") = "SphereNet.Scripting.Tests", "tests\SphereNet.Scripting.Tests\SphereNet.Scripting.Tests.csproj", "{59C000F8-0983-970A-32E5-8FA77EEFA8D6}"
EndProject
Global
	GlobalSection(SolutionConfigurationPlatforms) = preSolution
		Debug|Any CPU = Debug|Any CPU
		Release|Any CPU = Release|Any CPU
	EndGlobalSection
	GlobalSection(ProjectConfigurationPlatforms) = postSolution
		{BEACDDEF-1F42-E6B7-48BC-EDB1F8174BED}.Debug|Any CPU.ActiveCfg = Debug|Any CPU
		{BEACDDEF-1F42-E6B7-48BC-EDB1F8174BED}.Debug|Any CPU.Build.0 = Debug|Any CPU
		{BEACDDEF-1F42-E6B7-48BC-EDB1F8174BED}.Release|Any CPU.ActiveCfg = Release|Any CPU
		{BEACDDEF-1F42-E6B7-48BC-EDB1F8174BED}.Release|Any CPU.Build.0 = Release|Any CPU
		{45FF4C81-D8C5-AA01-8CA7-F0CC21E48562}.Debug|Any CPU.ActiveCfg = Debug|Any CPU
		{45FF4C81-D8C5-AA01-8CA7-F0CC21E48562}.Debug|Any CPU.Build.0 = Debug|Any CPU
		{45FF4C81-D8C5-AA01-8CA7-F0CC21E48562}.Release|Any CPU.ActiveCfg = Release|Any CPU
		{45FF4C81-D8C5-AA01-8CA7-F0CC21E48562}.Release|Any CPU.Build.0 = Release|Any CPU
		{B62F5584-703A-8AEC-92F9-7911D6FB6F84}.Debug|Any CPU.ActiveCfg = Debug|Any CPU
		{B62F5584-703A-8AEC-92F9-7911D6FB6F84}.Debug|Any CPU.Build.0 = Debug|Any CPU
		{B62F5584-703A-8AEC-92F9-7911D6FB6F84}.Release|Any CPU.ActiveCfg = Release|Any CPU
		{B62F5584-703A-8AEC-92F9-7911D6FB6F84}.Release|Any CPU.Build.0 = Release|Any CPU
		{6D4E2367-5D91-2103-4167-3878B34CDC1B}.Debug|Any CPU.ActiveCfg = Debug|Any CPU
		{6D4E2367-5D91-2103-4167-3878B34CDC1B}.Debug|Any CPU.Build.0 = Debug|Any CPU
		{6D4E2367-5D91-2103-4167-3878B34CDC1B}.Release|Any CPU.ActiveCfg = Release|Any CPU
		{6D4E2367-5D91-2103-4167-3878B34CDC1B}.Release|Any CPU.Build.0 = Release|Any CPU
		{1E604391-6DBB-E27E-51CB-2A173B5C36B9}.Debug|Any CPU.ActiveCfg = Debug|Any CPU
		{1E604391-6DBB-E27E-51CB-2A173B5C36B9}.Debug|Any CPU.Build.0 = Debug|Any CPU
		{1E604391-6DBB-E27E-51CB-2A173B5C36B9}.Release|Any CPU.ActiveCfg = Release|Any CPU
		{1E604391-6DBB-E27E-51CB-2A173B5C36B9}.Release|Any CPU.Build.0 = Release|Any CPU
		{98B39550-A65C-7262-34E5-8A635C77F51A}.Debug|Any CPU.ActiveCfg = Debug|Any CPU
		{98B39550-A65C-7262-34E5-8A635C77F51A}.Debug|Any CPU.Build.0 = Debug|Any CPU
		{98B39550-A65C-7262-34E5-8A635C77F51A}.Release|Any CPU.ActiveCfg = Release|Any CPU
		{98B39550-A65C-7262-34E5-8A635C77F51A}.Release|Any CPU.Build.0 = Release|Any CPU
		{80C54D79-3FAD-633C-F3FD-9000A0D750A5}.Debug|Any CPU.ActiveCfg = Debug|Any CPU
		{80C54D79-3FAD-633C-F3FD-9000A0D750A5}.Debug|Any CPU.Build.0 = Debug|Any CPU
		{80C54D79-3FAD-633C-F3FD-9000A0D750A5}.Release|Any CPU.ActiveCfg = Release|Any CPU
		{80C54D79-3FAD-633C-F3FD-9000A0D750A5}.Release|Any CPU.Build.0 = Release|Any CPU
		{A1B2C3D4-E5F6-7890-ABCD-EF0123456789}.Debug|Any CPU.ActiveCfg = Debug|Any CPU
		{A1B2C3D4-E5F6-7890-ABCD-EF0123456789}.Debug|Any CPU.Build.0 = Debug|Any CPU
		{A1B2C3D4-E5F6-7890-ABCD-EF0123456789}.Release|Any CPU.ActiveCfg = Release|Any CPU
		{A1B2C3D4-E5F6-7890-ABCD-EF0123456789}.Release|Any CPU.Build.0 = Release|Any CPU
		{C2D3E4F5-A6B7-8901-CDEF-012345678901}.Debug|Any CPU.ActiveCfg = Debug|Any CPU
		{C2D3E4F5-A6B7-8901-CDEF-012345678901}.Debug|Any CPU.Build.0 = Debug|Any CPU
		{C2D3E4F5-A6B7-8901-CDEF-012345678901}.Release|Any CPU.ActiveCfg = Release|Any CPU
		{C2D3E4F5-A6B7-8901-CDEF-012345678901}.Release|Any CPU.Build.0 = Release|Any CPU
		{A261535E-8031-E942-25EA-2CD6DB6F8997}.Debug|Any CPU.ActiveCfg = Debug|Any CPU
		{A261535E-8031-E942-25EA-2CD6DB6F8997}.Debug|Any CPU.Build.0 = Debug|Any CPU
		{A261535E-8031-E942-25EA-2CD6DB6F8997}.Release|Any CPU.ActiveCfg = Release|Any CPU
		{A261535E-8031-E942-25EA-2CD6DB6F8997}.Release|Any CPU.Build.0 = Release|Any CPU
		{097E6D97-98EF-CF93-D0A3-4D5F638B3C91}.Debug|Any CPU.ActiveCfg = Debug|Any CPU
		{097E6D97-98EF-CF93-D0A3-4D5F638B3C91}.Debug|Any CPU.Build.0 = Debug|Any CPU
		{097E6D97-98EF-CF93-D0A3-4D5F638B3C91}.Release|Any CPU.ActiveCfg = Release|Any CPU
		{097E6D97-98EF-CF93-D0A3-4D5F638B3C91}.Release|Any CPU.Build.0 = Release|Any CPU
		{1500C2F9-C11A-BECF-9189-B5C6D78C1CFA}.Debug|Any CPU.ActiveCfg = Debug|Any CPU
		{1500C2F9-C11A-BECF-9189-B5C6D78C1CFA}.Debug|Any CPU.Build.0 = Debug|Any CPU
		{1500C2F9-C11A-BECF-9189-B5C6D78C1CFA}.Release|Any CPU.ActiveCfg = Release|Any CPU
		{1500C2F9-C11A-BECF-9189-B5C6D78C1CFA}.Release|Any CPU.Build.0 = Release|Any CPU
		{631DCF2A-DF0B-D5BF-81F4-E2FD1DA5F5DA}.Debug|Any CPU.ActiveCfg = Debug|Any CPU
		{631DCF2A-DF0B-D5BF-81F4-E2FD1DA5F5DA}.Debug|Any CPU.Build.0 = Debug|Any CPU
		{631DCF2A-DF0B-D5BF-81F4-E2FD1DA5F5DA}.Release|Any CPU.ActiveCfg = Release|Any CPU
		{631DCF2A-DF0B-D5BF-81F4-E2FD1DA5F5DA}.Release|Any CPU.Build.0 = Release|Any CPU
		{DA665205-901C-C6CE-C1AD-9D3B8A0692A1}.Debug|Any CPU.ActiveCfg = Debug|Any CPU
		{DA665205-901C-C6CE-C1AD-9D3B8A0692A1}.Debug|Any CPU.Build.0 = Debug|Any CPU
		{DA665205-901C-C6CE-C1AD-9D3B8A0692A1}.Release|Any CPU.ActiveCfg = Release|Any CPU
		{DA665205-901C-C6CE-C1AD-9D3B8A0692A1}.Release|Any CPU.Build.0 = Release|Any CPU
		{1EAEBBC4-A70D-9DA5-05A8-7B4A046B748E}.Debug|Any CPU.ActiveCfg = Debug|Any CPU
		{1EAEBBC4-A70D-9DA5-05A8-7B4A046B748E}.Debug|Any CPU.Build.0 = Debug|Any CPU
		{1EAEBBC4-A70D-9DA5-05A8-7B4A046B748E}.Release|Any CPU.ActiveCfg = Release|Any CPU
		{1EAEBBC4-A70D-9DA5-05A8-7B4A046B748E}.Release|Any CPU.Build.0 = Release|Any CPU
		{59C000F8-0983-970A-32E5-8FA77EEFA8D6}.Debug|Any CPU.ActiveCfg = Debug|Any CPU
		{59C000F8-0983-970A-32E5-8FA77EEFA8D6}.Debug|Any CPU.Build.0 = Debug|Any CPU
		{59C000F8-0983-970A-32E5-8FA77EEFA8D6}.Release|Any CPU.ActiveCfg = Release|Any CPU
		{59C000F8-0983-970A-32E5-8FA77EEFA8D6}.Release|Any CPU.Build.0 = Release|Any CPU
	EndGlobalSection
	GlobalSection(SolutionProperties) = preSolution
		HideSolutionNode = FALSE
	EndGlobalSection
	GlobalSection(NestedProjects) = preSolution
		{BEACDDEF-1F42-E6B7-48BC-EDB1F8174BED} = {827E0CD3-B72D-47B6-A68D-7590B98EB39B}
		{45FF4C81-D8C5-AA01-8CA7-F0CC21E48562} = {827E0CD3-B72D-47B6-A68D-7590B98EB39B}
		{B62F5584-703A-8AEC-92F9-7911D6FB6F84} = {827E0CD3-B72D-47B6-A68D-7590B98EB39B}
		{6D4E2367-5D91-2103-4167-3878B34CDC1B} = {827E0CD3-B72D-47B6-A68D-7590B98EB39B}
		{1E604391-6DBB-E27E-51CB-2A173B5C36B9} = {827E0CD3-B72D-47B6-A68D-7590B98EB39B}
		{98B39550-A65C-7262-34E5-8A635C77F51A} = {827E0CD3-B72D-47B6-A68D-7590B98EB39B}
		{80C54D79-3FAD-633C-F3FD-9000A0D750A5} = {827E0CD3-B72D-47B6-A68D-7590B98EB39B}
		{A1B2C3D4-E5F6-7890-ABCD-EF0123456789} = {827E0CD3-B72D-47B6-A68D-7590B98EB39B}
		{C2D3E4F5-A6B7-8901-CDEF-012345678901} = {827E0CD3-B72D-47B6-A68D-7590B98EB39B}
		{A261535E-8031-E942-25EA-2CD6DB6F8997} = {827E0CD3-B72D-47B6-A68D-7590B98EB39B}
		{097E6D97-98EF-CF93-D0A3-4D5F638B3C91} = {0AB3BF05-4346-4AA6-1389-037BE0695223}
		{1500C2F9-C11A-BECF-9189-B5C6D78C1CFA} = {0AB3BF05-4346-4AA6-1389-037BE0695223}
		{631DCF2A-DF0B-D5BF-81F4-E2FD1DA5F5DA} = {0AB3BF05-4346-4AA6-1389-037BE0695223}
		{DA665205-901C-C6CE-C1AD-9D3B8A0692A1} = {0AB3BF05-4346-4AA6-1389-037BE0695223}
		{1EAEBBC4-A70D-9DA5-05A8-7B4A046B748E} = {0AB3BF05-4346-4AA6-1389-037BE0695223}
		{59C000F8-0983-970A-32E5-8FA77EEFA8D6} = {0AB3BF05-4346-4AA6-1389-037BE0695223}
	EndGlobalSection
	GlobalSection(ExtensibilityGlobals) = postSolution
		SolutionGuid = {5D4EBBD3-365E-4558-A852-8B68D66ABF33}
	EndGlobalSection
EndGlobal
